// !$*UTF8*$!
{
	archiveVersion = 1;
	classes = {
	};
	objectVersion = 46;
	objects = {

/* Begin PBXBuildFile section */
		945931491F00583E00FA1D46 /* AppDelegate.swift in Sources */ = {isa = PBXBuildFile; fileRef = 945931481F00583E00FA1D46 /* AppDelegate.swift */; };
		9459314B1F00583E00FA1D46 /* ViewController.swift in Sources */ = {isa = PBXBuildFile; fileRef = 9459314A1F00583E00FA1D46 /* ViewController.swift */; };
		9459314E1F00583E00FA1D46 /* Main.storyboard in Resources */ = {isa = PBXBuildFile; fileRef = 9459314C1F00583E00FA1D46 /* Main.storyboard */; };
		945931501F00583E00FA1D46 /* Assets.xcassets in Resources */ = {isa = PBXBuildFile; fileRef = 9459314F1F00583E00FA1D46 /* Assets.xcassets */; };
		945931531F00583E00FA1D46 /* LaunchScreen.storyboard in Resources */ = {isa = PBXBuildFile; fileRef = 945931511F00583E00FA1D46 /* LaunchScreen.storyboard */; };
		9459315E1F00583E00FA1D46 /* TicTacToeTests.swift in Sources */ = {isa = PBXBuildFile; fileRef = 9459315D1F00583E00FA1D46 /* TicTacToeTests.swift */; };
		945931691F00583E00FA1D46 /* TicTacToeUITests.swift in Sources */ = {isa = PBXBuildFile; fileRef = 945931681F00583E00FA1D46 /* TicTacToeUITests.swift */; };
/* End PBXBuildFile section */

/* Begin PBXContainerItemProxy section */
		9459315A1F00583E00FA1D46 /* PBXContainerItemProxy */ = {
			isa = PBXContainerItemProxy;
			containerPortal = 9459313D1F00583E00FA1D46 /* Project object */;
			proxyType = 1;
			remoteGlobalIDString = 945931441F00583E00FA1D46;
			remoteInfo = TicTacToe;
		};
		945931651F00583E00FA1D46 /* PBXContainerItemProxy */ = {
			isa = PBXContainerItemProxy;
			containerPortal = 9459313D1F00583E00FA1D46 /* Project object */;
			proxyType = 1;
			remoteGlobalIDString = 945931441F00583E00FA1D46;
			remoteInfo = TicTacToe;
		};
/* End PBXContainerItemProxy section */

/* Begin PBXFileReference section */
		945931451F00583E00FA1D46 /* TicTacToe.app */ = {isa = PBXFileReference; explicitFileType = wrapper.application; includeInIndex = 0; path = TicTacToe.app; sourceTree = BUILT_PRODUCTS_DIR; };
		945931481F00583E00FA1D46 /* AppDelegate.swift */ = {isa = PBXFileReference; lastKnownFileType = sourcecode.swift; path = AppDelegate.swift; sourceTree = "<group>"; };
		9459314A1F00583E00FA1D46 /* ViewController.swift */ = {isa = PBXFileReference; lastKnownFileType = sourcecode.swift; path = ViewController.swift; sourceTree = "<group>"; };
		9459314D1F00583E00FA1D46 /* Base */ = {isa = PBXFileReference; lastKnownFileType = file.storyboard; name = Base; path = Base.lproj/Main.storyboard; sourceTree = "<group>"; };
		9459314F1F00583E00FA1D46 /* Assets.xcassets */ = {isa = PBXFileReference; lastKnownFileType = folder.assetcatalog; path = Assets.xcassets; sourceTree = "<group>"; };
		945931521F00583E00FA1D46 /* Base */ = {isa = PBXFileReference; lastKnownFileType = file.storyboard; name = Base; path = Base.lproj/LaunchScreen.storyboard; sourceTree = "<group>"; };
		945931541F00583E00FA1D46 /* Info.plist */ = {isa = PBXFileReference; lastKnownFileType = text.plist.xml; path = Info.plist; sourceTree = "<group>"; };
		945931591F00583E00FA1D46 /* TicTacToeTests.xctest */ = {isa = PBXFileReference; explicitFileType = wrapper.cfbundle; includeInIndex = 0; path = TicTacToeTests.xctest; sourceTree = BUILT_PRODUCTS_DIR; };
		9459315D1F00583E00FA1D46 /* TicTacToeTests.swift */ = {isa = PBXFileReference; lastKnownFileType = sourcecode.swift; path = TicTacToeTests.swift; sourceTree = "<group>"; };
		9459315F1F00583E00FA1D46 /* Info.plist */ = {isa = PBXFileReference; lastKnownFileType = text.plist.xml; path = Info.plist; sourceTree = "<group>"; };
		945931641F00583E00FA1D46 /* TicTacToeUITests.xctest */ = {isa = PBXFileReference; explicitFileType = wrapper.cfbundle; includeInIndex = 0; path = TicTacToeUITests.xctest; sourceTree = BUILT_PRODUCTS_DIR; };
		945931681F00583E00FA1D46 /* TicTacToeUITests.swift */ = {isa = PBXFileReference; lastKnownFileType = sourcecode.swift; path = TicTacToeUITests.swift; sourceTree = "<group>"; };
		9459316A1F00583F00FA1D46 /* Info.plist */ = {isa = PBXFileReference; lastKnownFileType = text.plist.xml; path = Info.plist; sourceTree = "<group>"; };
/* End PBXFileReference section */

/* Begin PBXFrameworksBuildPhase section */
		945931421F00583E00FA1D46 /* Frameworks */ = {
			isa = PBXFrameworksBuildPhase;
			buildActionMask = 2147483647;
			files = (
			);
			runOnlyForDeploymentPostprocessing = 0;
		};
		945931561F00583E00FA1D46 /* Frameworks */ = {
			isa = PBXFrameworksBuildPhase;
			buildActionMask = 2147483647;
			files = (
			);
			runOnlyForDeploymentPostprocessing = 0;
		};
		945931611F00583E00FA1D46 /* Frameworks */ = {
			isa = PBXFrameworksBuildPhase;
			buildActionMask = 2147483647;
			files = (
			);
			runOnlyForDeploymentPostprocessing = 0;
		};
/* End PBXFrameworksBuildPhase section */

/* Begin PBXGroup section */
		9459313C1F00583E00FA1D46 = {
			isa = PBXGroup;
			children = (
				945931471F00583E00FA1D46 /* TicTacToe */,
				9459315C1F00583E00FA1D46 /* TicTacToeTests */,
				945931671F00583E00FA1D46 /* TicTacToeUITests */,
				945931461F00583E00FA1D46 /* Products */,
			);
			sourceTree = "<group>";
		};
		945931461F00583E00FA1D46 /* Products */ = {
			isa = PBXGroup;
			children = (
				945931451F00583E00FA1D46 /* TicTacToe.app */,
				945931591F00583E00FA1D46 /* TicTacToeTests.xctest */,
				945931641F00583E00FA1D46 /* TicTacToeUITests.xctest */,
			);
			name = Products;
			sourceTree = "<group>";
		};
		945931471F00583E00FA1D46 /* TicTacToe */ = {
			isa = PBXGroup;
			children = (
				945931481F00583E00FA1D46 /* AppDelegate.swift */,
				9459314A1F00583E00FA1D46 /* ViewController.swift */,
				9459314C1F00583E00FA1D46 /* Main.storyboard */,
				9459314F1F00583E00FA1D46 /* Assets.xcassets */,
				945931511F00583E00FA1D46 /* LaunchScreen.storyboard */,
				945931541F00583E00FA1D46 /* Info.plist */,
			);
			path = TicTacToe;
			sourceTree = "<group>";
		};
		9459315C1F00583E00FA1D46 /* TicTacToeTests */ = {
			isa = PBXGroup;
			children = (
				9459315D1F00583E00FA1D46 /* TicTacToeTests.swift */,
				9459315F1F00583E00FA1D46 /* Info.plist */,
			);
			path = TicTacToeTests;
			sourceTree = "<group>";
		};
		945931671F00583E00FA1D46 /* TicTacToeUITests */ = {
			isa = PBXGroup;
			children = (
				945931681F00583E00FA1D46 /* TicTacToeUITests.swift */,
				9459316A1F00583F00FA1D46 /* Info.plist */,
			);
			path = TicTacToeUITests;
			sourceTree = "<group>";
		};
/* End PBXGroup section */

/* Begin PBXNativeTarget section */
		945931441F00583E00FA1D46 /* TicTacToe */ = {
			isa = PBXNativeTarget;
			buildConfigurationList = 9459316D1F00583F00FA1D46 /* Build configuration list for PBXNativeTarget "TicTacToe" */;
			buildPhases = (
				945931411F00583E00FA1D46 /* Sources */,
				945931421F00583E00FA1D46 /* Frameworks */,
				945931431F00583E00FA1D46 /* Resources */,
			);
			buildRules = (
			);
			dependencies = (
			);
			name = TicTacToe;
			productName = TicTacToe;
			productReference = 945931451F00583E00FA1D46 /* TicTacToe.app */;
			productType = "com.apple.product-type.application";
		};
		945931581F00583E00FA1D46 /* TicTacToeTests */ = {
			isa = PBXNativeTarget;
			buildConfigurationList = 945931701F00583F00FA1D46 /* Build configuration list for PBXNativeTarget "TicTacToeTests" */;
			buildPhases = (
				945931551F00583E00FA1D46 /* Sources */,
				945931561F00583E00FA1D46 /* Frameworks */,
				945931571F00583E00FA1D46 /* Resources */,
			);
			buildRules = (
			);
			dependencies = (
				9459315B1F00583E00FA1D46 /* PBXTargetDependency */,
			);
			name = TicTacToeTests;
			productName = TicTacToeTests;
			productReference = 945931591F00583E00FA1D46 /* TicTacToeTests.xctest */;
			productType = "com.apple.product-type.bundle.unit-test";
		};
		945931631F00583E00FA1D46 /* TicTacToeUITests */ = {
			isa = PBXNativeTarget;
			buildConfigurationList = 945931731F00583F00FA1D46 /* Build configuration list for PBXNativeTarget "TicTacToeUITests" */;
			buildPhases = (
				945931601F00583E00FA1D46 /* Sources */,
				945931611F00583E00FA1D46 /* Frameworks */,
				945931621F00583E00FA1D46 /* Resources */,
			);
			buildRules = (
			);
			dependencies = (
				945931661F00583E00FA1D46 /* PBXTargetDependency */,
			);
			name = TicTacToeUITests;
			productName = TicTacToeUITests;
			productReference = 945931641F00583E00FA1D46 /* TicTacToeUITests.xctest */;
			productType = "com.apple.product-type.bundle.ui-testing";
		};
/* End PBXNativeTarget section */

/* Begin PBXProject section */
		9459313D1F00583E00FA1D46 /* Project object */ = {
			isa = PBXProject;
			attributes = {
				LastSwiftUpdateCheck = 0830;
				LastUpgradeCheck = 0830;
				ORGANIZATIONNAME = "David Kirson";
				TargetAttributes = {
					945931441F00583E00FA1D46 = {
						CreatedOnToolsVersion = 8.3.3;
						ProvisioningStyle = Automatic;
					};
					945931581F00583E00FA1D46 = {
						CreatedOnToolsVersion = 8.3.3;
						ProvisioningStyle = Automatic;
						TestTargetID = 945931441F00583E00FA1D46;
					};
					945931631F00583E00FA1D46 = {
						CreatedOnToolsVersion = 8.3.3;
						ProvisioningStyle = Automatic;
						TestTargetID = 945931441F00583E00FA1D46;
					};
				};
			};
			buildConfigurationList = 945931401F00583E00FA1D46 /* Build configuration list for PBXProject "TicTacToe" */;
			compatibilityVersion = "Xcode 3.2";
			developmentRegion = English;
			hasScannedForEncodings = 0;
			knownRegions = (
				en,
				Base,
			);
			mainGroup = 9459313C1F00583E00FA1D46;
			productRefGroup = 945931461F00583E00FA1D46 /* Products */;
			projectDirPath = "";
			projectRoot = "";
			targets = (
				945931441F00583E00FA1D46 /* TicTacToe */,
				945931581F00583E00FA1D46 /* TicTacToeTests */,
				945931631F00583E00FA1D46 /* TicTacToeUITests */,
			);
		};
/* End PBXProject section */

/* Begin PBXResourcesBuildPhase section */
		945931431F00583E00FA1D46 /* Resources */ = {
			isa = PBXResourcesBuildPhase;
			buildActionMask = 2147483647;
			files = (
				945931531F00583E00FA1D46 /* LaunchScreen.storyboard in Resources */,
				945931501F00583E00FA1D46 /* Assets.xcassets in Resources */,
				9459314E1F00583E00FA1D46 /* Main.storyboard in Resources */,
			);
			runOnlyForDeploymentPostprocessing = 0;
		};
		945931571F00583E00FA1D46 /* Resources */ = {
			isa = PBXResourcesBuildPhase;
			buildActionMask = 2147483647;
			files = (
			);
			runOnlyForDeploymentPostprocessing = 0;
		};
		945931621F00583E00FA1D46 /* Resources */ = {
			isa = PBXResourcesBuildPhase;
			buildActionMask = 2147483647;
			files = (
			);
			runOnlyForDeploymentPostprocessing = 0;
		};
/* End PBXResourcesBuildPhase section */

/* Begin PBXSourcesBuildPhase section */
		945931411F00583E00FA1D46 /* Sources */ = {
			isa = PBXSourcesBuildPhase;
			buildActionMask = 2147483647;
			files = (
				9459314B1F00583E00FA1D46 /* ViewController.swift in Sources */,
				945931491F00583E00FA1D46 /* AppDelegate.swift in Sources */,
			);
			runOnlyForDeploymentPostprocessing = 0;
		};
		945931551F00583E00FA1D46 /* Sources */ = {
			isa = PBXSourcesBuildPhase;
			buildActionMask = 2147483647;
			files = (
				9459315E1F00583E00FA1D46 /* TicTacToeTests.swift in Sources */,
			);
			runOnlyForDeploymentPostprocessing = 0;
		};
		945931601F00583E00FA1D46 /* Sources */ = {
			isa = PBXSourcesBuildPhase;
			buildActionMask = 2147483647;
			files = (
				945931691F00583E00FA1D46 /* TicTacToeUITests.swift in Sources */,
			);
			runOnlyForDeploymentPostprocessing = 0;
		};
/* End PBXSourcesBuildPhase section */

/* Begin PBXTargetDependency section */
		9459315B1F00583E00FA1D46 /* PBXTargetDependency */ = {
			isa = PBXTargetDependency;
			target = 945931441F00583E00FA1D46 /* TicTacToe */;
			targetProxy = 9459315A1F00583E00FA1D46 /* PBXContainerItemProxy */;
		};
		945931661F00583E00FA1D46 /* PBXTargetDependency */ = {
			isa = PBXTargetDependency;
			target = 945931441F00583E00FA1D46 /* TicTacToe */;
			targetProxy = 945931651F00583E00FA1D46 /* PBXContainerItemProxy */;
		};
/* End PBXTargetDependency section */

/* Begin PBXVariantGroup section */
		9459314C1F00583E00FA1D46 /* Main.storyboard */ = {
			isa = PBXVariantGroup;
			children = (
				9459314D1F00583E00FA1D46 /* Base */,
			);
			name = Main.storyboard;
			sourceTree = "<group>";
		};
		945931511F00583E00FA1D46 /* LaunchScreen.storyboard */ = {
			isa = PBXVariantGroup;
			children = (
				945931521F00583E00FA1D46 /* Base */,
			);
			name = LaunchScreen.storyboard;
			sourceTree = "<group>";
		};
/* End PBXVariantGroup section */

/* Begin XCBuildConfiguration section */
		9459316B1F00583F00FA1D46 /* Debug */ = {
			isa = XCBuildConfiguration;
			buildSettings = {
				ALWAYS_SEARCH_USER_PATHS = NO;
				CLANG_ANALYZER_NONNULL = YES;
				CLANG_ANALYZER_NUMBER_OBJECT_CONVERSION = YES_AGGRESSIVE;
				CLANG_CXX_LANGUAGE_STANDARD = "gnu++0x";
				CLANG_CXX_LIBRARY = "libc++";
				CLANG_ENABLE_MODULES = YES;
				CLANG_ENABLE_OBJC_ARC = YES;
				CLANG_WARN_BOOL_CONVERSION = YES;
				CLANG_WARN_CONSTANT_CONVERSION = YES;
				CLANG_WARN_DIRECT_OBJC_ISA_USAGE = YES_ERROR;
				CLANG_WARN_DOCUMENTATION_COMMENTS = YES;
				CLANG_WARN_EMPTY_BODY = YES;
				CLANG_WARN_ENUM_CONVERSION = YES;
				CLANG_WARN_INFINITE_RECURSION = YES;
				CLANG_WARN_INT_CONVERSION = YES;
				CLANG_WARN_OBJC_ROOT_CLASS = YES_ERROR;
				CLANG_WARN_SUSPICIOUS_MOVE = YES;
				CLANG_WARN_UNREACHABLE_CODE = YES;
				CLANG_WARN__DUPLICATE_METHOD_MATCH = YES;
				"CODE_SIGN_IDENTITY[sdk=iphoneos*]" = "iPhone Developer";
				COPY_PHASE_STRIP = NO;
				DEBUG_INFORMATION_FORMAT = dwarf;
				ENABLE_STRICT_OBJC_MSGSEND = YES;
				ENABLE_TESTABILITY = YES;
				GCC_C_LANGUAGE_STANDARD = gnu99;
				GCC_DYNAMIC_NO_PIC = NO;
				GCC_NO_COMMON_BLOCKS = YES;
				GCC_OPTIMIZATION_LEVEL = 0;
				GCC_PREPROCESSOR_DEFINITIONS = (
					"DEBUG=1",
					"$(inherited)",
				);
				GCC_WARN_64_TO_32_BIT_CONVERSION = YES;
				GCC_WARN_ABOUT_RETURN_TYPE = YES_ERROR;
				GCC_WARN_UNDECLARED_SELECTOR = YES;
				GCC_WARN_UNINITIALIZED_AUTOS = YES_AGGRESSIVE;
				GCC_WARN_UNUSED_FUNCTION = YES;
				GCC_WARN_UNUSED_VARIABLE = YES;
				IPHONEOS_DEPLOYMENT_TARGET = 10.3;
				MTL_ENABLE_DEBUG_INFO = YES;
				ONLY_ACTIVE_ARCH = YES;
				SDKROOT = iphoneos;
				SWIFT_ACTIVE_COMPILATION_CONDITIONS = DEBUG;
				SWIFT_OPTIMIZATION_LEVEL = "-Onone";
				TARGETED_DEVICE_FAMILY = "1,2";
			};
			name = Debug;
		};
		9459316C1F00583F00FA1D46 /* Release */ = {
			isa = XCBuildConfiguration;
			buildSettings = {
				ALWAYS_SEARCH_USER_PATHS = NO;
				CLANG_ANALYZER_NONNULL = YES;
				CLANG_ANALYZER_NUMBER_OBJECT_CONVERSION = YES_AGGRESSIVE;
				CLANG_CXX_LANGUAGE_STANDARD = "gnu++0x";
				CLANG_CXX_LIBRARY = "libc++";
				CLANG_ENABLE_MODULES = YES;
				CLANG_ENABLE_OBJC_ARC = YES;
				CLANG_WARN_BOOL_CONVERSION = YES;
				CLANG_WARN_CONSTANT_CONVERSION = YES;
				CLANG_WARN_DIRECT_OBJC_ISA_USAGE = YES_ERROR;
				CLANG_WARN_DOCUMENTATION_COMMENTS = YES;
				CLANG_WARN_EMPTY_BODY = YES;
				CLANG_WARN_ENUM_CONVERSION = YES;
				CLANG_WARN_INFINITE_RECURSION = YES;
				CLANG_WARN_INT_CONVERSION = YES;
				CLANG_WARN_OBJC_ROOT_CLASS = YES_ERROR;
				CLANG_WARN_SUSPICIOUS_MOVE = YES;
				CLANG_WARN_UNREACHABLE_CODE = YES;
				CLANG_WARN__DUPLICATE_METHOD_MATCH = YES;
				"CODE_SIGN_IDENTITY[sdk=iphoneos*]" = "iPhone Developer";
				COPY_PHASE_STRIP = NO;
				DEBUG_INFORMATION_FORMAT = "dwarf-with-dsym";
				ENABLE_NS_ASSERTIONS = NO;
				ENABLE_STRICT_OBJC_MSGSEND = YES;
				GCC_C_LANGUAGE_STANDARD = gnu99;
				GCC_NO_COMMON_BLOCKS = YES;
				GCC_WARN_64_TO_32_BIT_CONVERSION = YES;
				GCC_WARN_ABOUT_RETURN_TYPE = YES_ERROR;
				GCC_WARN_UNDECLARED_SELECTOR = YES;
				GCC_WARN_UNINITIALIZED_AUTOS = YES_AGGRESSIVE;
				GCC_WARN_UNUSED_FUNCTION = YES;
				GCC_WARN_UNUSED_VARIABLE = YES;
				IPHONEOS_DEPLOYMENT_TARGET = 10.3;
				MTL_ENABLE_DEBUG_INFO = NO;
				SDKROOT = iphoneos;
				SWIFT_OPTIMIZATION_LEVEL = "-Owholemodule";
				TARGETED_DEVICE_FAMILY = "1,2";
				VALIDATE_PRODUCT = YES;
			};
			name = Release;
		};
		9459316E1F00583F00FA1D46 /* Debug */ = {
			isa = XCBuildConfiguration;
			buildSettings = {
				ASSETCATALOG_COMPILER_APPICON_NAME = AppIcon;
				INFOPLIST_FILE = TicTacToe/Info.plist;
				LD_RUNPATH_SEARCH_PATHS = "$(inherited) @executable_path/Frameworks";
				PRODUCT_BUNDLE_IDENTIFIER = Xcode.TicTacToe;
				PRODUCT_NAME = "$(TARGET_NAME)";
				SWIFT_VERSION = 3.0;
			};
			name = Debug;
		};
		9459316F1F00583F00FA1D46 /* Release */ = {
			isa = XCBuildConfiguration;
			buildSettings = {
				ASSETCATALOG_COMPILER_APPICON_NAME = AppIcon;
				INFOPLIST_FILE = TicTacToe/Info.plist;
				LD_RUNPATH_SEARCH_PATHS = "$(inherited) @executable_path/Frameworks";
				PRODUCT_BUNDLE_IDENTIFIER = Xcode.TicTacToe;
				PRODUCT_NAME = "$(TARGET_NAME)";
				SWIFT_VERSION = 3.0;
			};
			name = Release;
		};
		945931711F00583F00FA1D46 /* Debug */ = {
			isa = XCBuildConfiguration;
			buildSettings = {
				ALWAYS_EMBED_SWIFT_STANDARD_LIBRARIES = YES;
				BUNDLE_LOADER = "$(TEST_HOST)";
				INFOPLIST_FILE = TicTacToeTests/Info.plist;
				LD_RUNPATH_SEARCH_PATHS = "$(inherited) @executable_path/Frameworks @loader_path/Frameworks";
				PRODUCT_BUNDLE_IDENTIFIER = Xcode.TicTacToeTests;
				PRODUCT_NAME = "$(TARGET_NAME)";
				SWIFT_VERSION = 3.0;
				TEST_HOST = "$(BUILT_PRODUCTS_DIR)/TicTacToe.app/TicTacToe";
			};
			name = Debug;
		};
		945931721F00583F00FA1D46 /* Release */ = {
			isa = XCBuildConfiguration;
			buildSettings = {
				ALWAYS_EMBED_SWIFT_STANDARD_LIBRARIES = YES;
				BUNDLE_LOADER = "$(TEST_HOST)";
				INFOPLIST_FILE = TicTacToeTests/Info.plist;
				LD_RUNPATH_SEARCH_PATHS = "$(inherited) @executable_path/Frameworks @loader_path/Frameworks";
				PRODUCT_BUNDLE_IDENTIFIER = Xcode.TicTacToeTests;
				PRODUCT_NAME = "$(TARGET_NAME)";
				SWIFT_VERSION = 3.0;
				TEST_HOST = "$(BUILT_PRODUCTS_DIR)/TicTacToe.app/TicTacToe";
			};
			name = Release;
		};
		945931741F00583F00FA1D46 /* Debug */ = {
			isa = XCBuildConfiguration;
			buildSettings = {
				ALWAYS_EMBED_SWIFT_STANDARD_LIBRARIES = YES;
				INFOPLIST_FILE = TicTacToeUITests/Info.plist;
				LD_RUNPATH_SEARCH_PATHS = "$(inherited) @executable_path/Frameworks @loader_path/Frameworks";
				PRODUCT_BUNDLE_IDENTIFIER = Xcode.TicTacToeUITests;
				PRODUCT_NAME = "$(TARGET_NAME)";
				SWIFT_VERSION = 3.0;
				TEST_TARGET_NAME = TicTacToe;
			};
			name = Debug;
		};
		945931751F00583F00FA1D46 /* Release */ = {
			isa = XCBuildConfiguration;
			buildSettings = {
				ALWAYS_EMBED_SWIFT_STANDARD_LIBRARIES = YES;
				INFOPLIST_FILE = TicTacToeUITests/Info.plist;
				LD_RUNPATH_SEARCH_PATHS = "$(inherited) @executable_path/Frameworks @loader_path/Frameworks";
				PRODUCT_BUNDLE_IDENTIFIER = Xcode.TicTacToeUITests;
				PRODUCT_NAME = "$(TARGET_NAME)";
				SWIFT_VERSION = 3.0;
				TEST_TARGET_NAME = TicTacToe;
			};
			name = Release;
		};
/* End XCBuildConfiguration section */

/* Begin XCConfigurationList section */
		945931401F00583E00FA1D46 /* Build configuration list for PBXProject "TicTacToe" */ = {
			isa = XCConfigurationList;
			buildConfigurations = (
				9459316B1F00583F00FA1D46 /* Debug */,
				9459316C1F00583F00FA1D46 /* Release */,
			);
			defaultConfigurationIsVisible = 0;
			defaultConfigurationName = Release;
		};
		9459316D1F00583F00FA1D46 /* Build configuration list for PBXNativeTarget "TicTacToe" */ = {
			isa = XCConfigurationList;
			buildConfigurations = (
				9459316E1F00583F00FA1D46 /* Debug */,
				9459316F1F00583F00FA1D46 /* Release */,
			);
			defaultConfigurationIsVisible = 0;
		};
		945931701F00583F00FA1D46 /* Build configuration list for PBXNativeTarget "TicTacToeTests" */ = {
			isa = XCConfigurationList;
			buildConfigurations = (
				945931711F00583F00FA1D46 /* Debug */,
				945931721F00583F00FA1D46 /* Release */,
			);
			defaultConfigurationIsVisible = 0;
		};
		945931731F00583F00FA1D46 /* Build configuration list for PBXNativeTarget "TicTacToeUITests" */ = {
			isa = XCConfigurationList;
			buildConfigurations = (
				945931741F00583F00FA1D46 /* Debug */,
				945931751F00583F00FA1D46 /* Release */,
			);
			defaultConfigurationIsVisible = 0;
		};
/* End XCConfigurationList section */
	};
	rootObject = 9459313D1F00583E00FA1D46 /* Project object */;
}
